
Microsoft Visual Studio Solution File, Format Version 12.00
# Visual Studio Version 16
VisualStudioVersion = 25.0.1706.12
MinimumVisualStudioVersion = 10.0.40219.1
Project("{FAE04EC0-301F-11D3-BF4B-00C04F79EFBC}") = "StudentPortalWeb", "StudentPortalWeb\StudentPortalWeb.csproj", "{F49281E7-4581-484B-864C-87790F1BA399}"
EndProject
Global
	GlobalSection(SolutionConfigurationPlatforms) = preSolution
		Debug|Any CPU = Debug|Any CPU
		Release|Any CPU = Release|Any CPU
	EndGlobalSection
	GlobalSection(ProjectConfigurationPlatforms) = postSolution
		{F49281E7-4581-484B-864C-87790F1BA399}.Debug|Any CPU.ActiveCfg = Debug|Any CPU
		{F49281E7-4581-484B-864C-87790F1BA399}.Debug|Any CPU.Build.0 = Debug|Any CPU
		{F49281E7-4581-484B-864C-87790F1BA399}.Release|Any CPU.ActiveCfg = Release|Any CPU
		{F49281E7-4581-484B-864C-87790F1BA399}.Release|Any CPU.Build.0 = Release|Any CPU
	EndGlobalSection
	GlobalSection(SolutionProperties) = preSolution
		HideSolutionNode = FALSE
	EndGlobalSection
	GlobalSection(ExtensibilityGlobals) = postSolution
		SolutionGuid = {DA217E55-AF14-4CE1-8387-E65E6CA2C470}
	EndGlobalSection
EndGlobal
